
Microsoft Visual Studio Solution File, Format Version 12.00
# Visual Studio Version 17
VisualStudioVersion = 17.6.33829.357
MinimumVisualStudioVersion = 10.0.40219.1
Project("{FAE04EC0-301F-11D3-BF4B-00C04F79EFBC}") = "Gestione_Ordini", "Gestione_Ordini\Gestione_Ordini.csproj", "{8064E764-FFBF-4001-867E-BE362900781C}"
EndProject
Global
	GlobalSection(SolutionConfigurationPlatforms) = preSolution
		Debug|Any CPU = Debug|Any CPU
		Release|Any CPU = Release|Any CPU
	EndGlobalSection
	GlobalSection(ProjectConfigurationPlatforms) = postSolution
		{8064E764-FFBF-4001-867E-BE362900781C}.Debug|Any CPU.ActiveCfg = Debug|Any CPU
		{8064E764-FFBF-4001-867E-BE362900781C}.Debug|Any CPU.Build.0 = Debug|Any CPU
		{8064E764-FFBF-4001-867E-BE362900781C}.Release|Any CPU.ActiveCfg = Release|Any CPU
		{8064E764-FFBF-4001-867E-BE362900781C}.Release|Any CPU.Build.0 = Release|Any CPU
	EndGlobalSection
	GlobalSection(SolutionProperties) = preSolution
		HideSolutionNode = FALSE
	EndGlobalSection
	GlobalSection(ExtensibilityGlobals) = postSolution
		SolutionGuid = {5944838A-1A0F-4C60-A57F-C1EC106F71E2}
	EndGlobalSection
EndGlobal
